{
  "nodes": {
    "nixpkgs": {
      "locked": {
        "lastModified": 1789286504,
        "narHash": "sha256-eiEK7cKZORNEvX0GeF3RtNEF/JXhgf2RqSp3230q13E=",
        "owner": "NixOS",
        "repo": "nixpkgs",
        "rev": "ef34387ddd751e1ab8857adf4676492d32eb24ec",
        "type": "github"
      },
      "original": {
        "owner": "NixOS",
        "ref": "nixos-unstable",
        "repo": "nixpkgs",
        "type": "github"
      }
    },
    "root": {
      "inputs": {
        "nixpkgs": "nixpkgs",
        "source": "source"
      }
    },
    "source": {
      "flake": false,
      "locked": {
        "lastModified": 1788347720,
        "narHash": "sha256-z1hlzjBUnShPd3Zr8eQIf21a4zz2hCSroaWZNsElEUU=",
        "owner": "responsively-org",
        "repo": "responsively-app",
        "rev": "f3be971353bbcfd256f762373d29f6a9c030cfca",
        "type": "github"
      },
      "original": {
        "owner": "responsively-org",
        "ref": "main",
        "repo": "responsively-app",
        "type": "github"
      }
    }
  },
  "root": "root",
  "version": 7
}
