{
  "nodes": {
    "nixpkgs": {
      "locked": {
        "lastModified": 1789286504,
        "narHash": "sha256-eiEK7cKZORNEvX0GeF3RtNEF/JXhgf2RqSp3230q13E=",
        "owner": "NixOS",
        "repo": "nixpkgs",
        "rev": "ef34387ddd751e1ab8857adf4676492d32eb24ec",
        "type": "github"
      },
      "original": {
        "owner": "NixOS",
        "ref": "nixos-unstable",
        "repo": "nixpkgs",
        "type": "github"
      }
    },
    "root": {
      "inputs": {
        "nixpkgs": "nixpkgs",
        "source": "source"
      }
    },
    "source": {
      "flake": false,
      "locked": {
        "lastModified": 1789875299,
        "narHash": "sha256-BL/ePONmL/BW/xZ+62V/RcTT7jfwAjQWnX+Q5rRzYzA=",
        "owner": "responsively-org",
        "repo": "responsively-app",
        "rev": "27ff57eebd8a2e7756b85a4f0225bd3da473ecf7",
        "type": "github"
      },
      "original": {
        "owner": "responsively-org",
        "ref": "main",
        "repo": "responsively-app",
        "type": "github"
      }
    }
  },
  "root": "root",
  "version": 7
}
