{
  "nodes": {
    "nixpkgs": {
      "locked": {
        "lastModified": 1789286504,
        "narHash": "sha256-eiEK7cKZORNEvX0GeF3RtNEF/JXhgf2RqSp3230q13E=",
        "owner": "NixOS",
        "repo": "nixpkgs",
        "rev": "ef34387ddd751e1ab8857adf4676492d32eb24ec",
        "type": "github"
      },
      "original": {
        "owner": "NixOS",
        "ref": "nixos-unstable",
        "repo": "nixpkgs",
        "type": "github"
      }
    },
    "root": {
      "inputs": {
        "nixpkgs": "nixpkgs",
        "source": "source"
      }
    },
    "source": {
      "flake": false,
      "locked": {
        "lastModified": 1789812150,
        "narHash": "sha256-hBm/fwCsd8Km4i6Z1/bYITLsmxgBZ1V7EVpqkSnsYQg=",
        "owner": "responsively-org",
        "repo": "responsively-app",
        "rev": "3a90632806be6211a45ee084f6446647c7c07524",
        "type": "github"
      },
      "original": {
        "owner": "responsively-org",
        "ref": "main",
        "repo": "responsively-app",
        "type": "github"
      }
    }
  },
  "root": "root",
  "version": 7
}
